
Microsoft Visual Studio Solution File, Format Version 12.00
# Visual Studio Version 17
VisualStudioVersion = 17.9.34714.143
MinimumVisualStudioVersion = 10.0.40219.1
Project("{FAE04EC0-301F-11D3-BF4B-00C04F79EFBC}") = "Playwright", "Playwright\Playwright.csproj", "{D1F4AC5D-1CD9-4D00-BA1C-A73770D69AD8}"
EndProject
Global
	GlobalSection(SolutionConfigurationPlatforms) = preSolution
		Debug|Any CPU = Debug|Any CPU
		Release|Any CPU = Release|Any CPU
	EndGlobalSection
	GlobalSection(ProjectConfigurationPlatforms) = postSolution
		{D1F4AC5D-1CD9-4D00-BA1C-A73770D69AD8}.Debug|Any CPU.ActiveCfg = Debug|Any CPU
		{D1F4AC5D-1CD9-4D00-BA1C-A73770D69AD8}.Debug|Any CPU.Build.0 = Debug|Any CPU
		{D1F4AC5D-1CD9-4D00-BA1C-A73770D69AD8}.Release|Any CPU.ActiveCfg = Release|Any CPU
		{D1F4AC5D-1CD9-4D00-BA1C-A73770D69AD8}.Release|Any CPU.Build.0 = Release|Any CPU
	EndGlobalSection
	GlobalSection(SolutionProperties) = preSolution
		HideSolutionNode = FALSE
	EndGlobalSection
	GlobalSection(ExtensibilityGlobals) = postSolution
		SolutionGuid = {A498A147-14BE-4F5C-AAA2-1350295213C5}
	EndGlobalSection
EndGlobal
